
Microsoft Visual Studio Solution File, Format Version 12.00
# Visual Studio Express 2013 for Windows Desktop
VisualStudioVersion = 12.0.21005.1
MinimumVisualStudioVersion = 10.0.40219.1
Project("{FAE04EC0-301F-11D3-BF4B-00C04F79EFBC}") = "04. HelloCSharp", "04. HelloCSharp\04. HelloCSharp.csproj", "{E71699C0-0FB5-4B54-9547-804EB0468051}"
EndProject
Project("{FAE04EC0-301F-11D3-BF4B-00C04F79EFBC}") = "05. PrintMyName", "05. PrintMyName\05. PrintMyName.csproj", "{8EC237B1-2E5D-46FF-A86B-B0FD536FE93B}"
EndProject
Project("{FAE04EC0-301F-11D3-BF4B-00C04F79EFBC}") = "06. PrintNumbers", "06. PrintNumbers\06. PrintNumbers.csproj", "{B006A61B-7494-49DD-9EF3-5BFBE031D4F9}"
EndProject
Project("{FAE04EC0-301F-11D3-BF4B-00C04F79EFBC}") = "07. PrintMyNames", "07. PrintMyNames\07. PrintMyNames.csproj", "{5C220957-8999-4D99-B980-DF07B4ABB0AF}"
EndProject
Project("{FAE04EC0-301F-11D3-BF4B-00C04F79EFBC}") = "08. SquareRoot", "08. SquareRoot\08. SquareRoot.csproj", "{9EF8ACB8-0A73-420C-9CEB-A6E5763E2E85}"
EndProject
Project("{FAE04EC0-301F-11D3-BF4B-00C04F79EFBC}") = "09. PrintSequence", "09. PrintSequence\09. PrintSequence.csproj", "{B607AE02-367D-465E-B7AF-F31C96ECFAF8}"
EndProject
Project("{FAE04EC0-301F-11D3-BF4B-00C04F79EFBC}") = "10. HighQualityCode", "10. HighQualityCode\10. HighQualityCode.csproj", "{FAA25F32-C784-4DDD-97BD-AD4C1CE7E9D8}"
EndProject
Project("{FAE04EC0-301F-11D3-BF4B-00C04F79EFBC}") = "14. DateAndTime", "14. DateAndTime\14. DateAndTime.csproj", "{34D5FEE4-D2A6-4DE3-B09C-5A3C3F17181D}"
EndProject
Project("{FAE04EC0-301F-11D3-BF4B-00C04F79EFBC}") = "15. AgeAfter10Years", "15. AgeAfter10Years\15. AgeAfter10Years.csproj", "{71805049-3637-4A80-8070-84059D49902E}"
EndProject
Project("{FAE04EC0-301F-11D3-BF4B-00C04F79EFBC}") = "16. PrintLongSequence", "16. PrintLongSequence\16. PrintLongSequence.csproj", "{2DFC6C71-3A0F-480E-8C83-9C3577046402}"
EndProject
Global
	GlobalSection(SolutionConfigurationPlatforms) = preSolution
		Debug|Any CPU = Debug|Any CPU
		Release|Any CPU = Release|Any CPU
	EndGlobalSection
	GlobalSection(ProjectConfigurationPlatforms) = postSolution
		{E71699C0-0FB5-4B54-9547-804EB0468051}.Debug|Any CPU.ActiveCfg = Debug|Any CPU
		{E71699C0-0FB5-4B54-9547-804EB0468051}.Debug|Any CPU.Build.0 = Debug|Any CPU
		{E71699C0-0FB5-4B54-9547-804EB0468051}.Release|Any CPU.ActiveCfg = Release|Any CPU
		{E71699C0-0FB5-4B54-9547-804EB0468051}.Release|Any CPU.Build.0 = Release|Any CPU
		{8EC237B1-2E5D-46FF-A86B-B0FD536FE93B}.Debug|Any CPU.ActiveCfg = Debug|Any CPU
		{8EC237B1-2E5D-46FF-A86B-B0FD536FE93B}.Debug|Any CPU.Build.0 = Debug|Any CPU
		{8EC237B1-2E5D-46FF-A86B-B0FD536FE93B}.Release|Any CPU.ActiveCfg = Release|Any CPU
		{8EC237B1-2E5D-46FF-A86B-B0FD536FE93B}.Release|Any CPU.Build.0 = Release|Any CPU
		{B006A61B-7494-49DD-9EF3-5BFBE031D4F9}.Debug|Any CPU.ActiveCfg = Debug|Any CPU
		{B006A61B-7494-49DD-9EF3-5BFBE031D4F9}.Debug|Any CPU.Build.0 = Debug|Any CPU
		{B006A61B-7494-49DD-9EF3-5BFBE031D4F9}.Release|Any CPU.ActiveCfg = Release|Any CPU
		{B006A61B-7494-49DD-9EF3-5BFBE031D4F9}.Release|Any CPU.Build.0 = Release|Any CPU
		{5C220957-8999-4D99-B980-DF07B4ABB0AF}.Debug|Any CPU.ActiveCfg = Debug|Any CPU
		{5C220957-8999-4D99-B980-DF07B4ABB0AF}.Debug|Any CPU.Build.0 = Debug|Any CPU
		{5C220957-8999-4D99-B980-DF07B4ABB0AF}.Release|Any CPU.ActiveCfg = Release|Any CPU
		{5C220957-8999-4D99-B980-DF07B4ABB0AF}.Release|Any CPU.Build.0 = Release|Any CPU
		{9EF8ACB8-0A73-420C-9CEB-A6E5763E2E85}.Debug|Any CPU.ActiveCfg = Debug|Any CPU
		{9EF8ACB8-0A73-420C-9CEB-A6E5763E2E85}.Debug|Any CPU.Build.0 = Debug|Any CPU
		{9EF8ACB8-0A73-420C-9CEB-A6E5763E2E85}.Release|Any CPU.ActiveCfg = Release|Any CPU
		{9EF8ACB8-0A73-420C-9CEB-A6E5763E2E85}.Release|Any CPU.Build.0 = Release|Any CPU
		{B607AE02-367D-465E-B7AF-F31C96ECFAF8}.Debug|Any CPU.ActiveCfg = Debug|Any CPU
		{B607AE02-367D-465E-B7AF-F31C96ECFAF8}.Debug|Any CPU.Build.0 = Debug|Any CPU
		{B607AE02-367D-465E-B7AF-F31C96ECFAF8}.Release|Any CPU.ActiveCfg = Release|Any CPU
		{B607AE02-367D-465E-B7AF-F31C96ECFAF8}.Release|Any CPU.Build.0 = Release|Any CPU
		{FAA25F32-C784-4DDD-97BD-AD4C1CE7E9D8}.Debug|Any CPU.ActiveCfg = Debug|Any CPU
		{FAA25F32-C784-4DDD-97BD-AD4C1CE7E9D8}.Debug|Any CPU.Build.0 = Debug|Any CPU
		{FAA25F32-C784-4DDD-97BD-AD4C1CE7E9D8}.Release|Any CPU.ActiveCfg = Release|Any CPU
		{FAA25F32-C784-4DDD-97BD-AD4C1CE7E9D8}.Release|Any CPU.Build.0 = Release|Any CPU
		{34D5FEE4-D2A6-4DE3-B09C-5A3C3F17181D}.Debug|Any CPU.ActiveCfg = Debug|Any CPU
		{34D5FEE4-D2A6-4DE3-B09C-5A3C3F17181D}.Debug|Any CPU.Build.0 = Debug|Any CPU
		{34D5FEE4-D2A6-4DE3-B09C-5A3C3F17181D}.Release|Any CPU.ActiveCfg = Release|Any CPU
		{34D5FEE4-D2A6-4DE3-B09C-5A3C3F17181D}.Release|Any CPU.Build.0 = Release|Any CPU
		{71805049-3637-4A80-8070-84059D49902E}.Debug|Any CPU.ActiveCfg = Debug|Any CPU
		{71805049-3637-4A80-8070-84059D49902E}.Debug|Any CPU.Build.0 = Debug|Any CPU
		{71805049-3637-4A80-8070-84059D49902E}.Release|Any CPU.ActiveCfg = Release|Any CPU
		{71805049-3637-4A80-8070-84059D49902E}.Release|Any CPU.Build.0 = Release|Any CPU
		{2DFC6C71-3A0F-480E-8C83-9C3577046402}.Debug|Any CPU.ActiveCfg = Debug|Any CPU
		{2DFC6C71-3A0F-480E-8C83-9C3577046402}.Debug|Any CPU.Build.0 = Debug|Any CPU
		{2DFC6C71-3A0F-480E-8C83-9C3577046402}.Release|Any CPU.ActiveCfg = Release|Any CPU
		{2DFC6C71-3A0F-480E-8C83-9C3577046402}.Release|Any CPU.Build.0 = Release|Any CPU
	EndGlobalSection
	GlobalSection(SolutionProperties) = preSolution
		HideSolutionNode = FALSE
	EndGlobalSection
EndGlobal
